
Microsoft Visual Studio Solution File, Format Version 12.00
# Visual Studio 15
VisualStudioVersion = 15.0.26730.16
MinimumVisualStudioVersion = 10.0.40219.1
Project("{888888A0-9F3D-457C-B088-3A5042F75D52}") = "stopAndSearch", "stopAndSearch\stopAndSearch.pyproj", "{7F04A114-25F4-496C-8BB6-95177EDB118D}"
EndProject
Global
	GlobalSection(SolutionConfigurationPlatforms) = preSolution
		Debug|Any CPU = Debug|Any CPU
		Release|Any CPU = Release|Any CPU
	EndGlobalSection
	GlobalSection(ProjectConfigurationPlatforms) = postSolution
		{7F04A114-25F4-496C-8BB6-95177EDB118D}.Debug|Any CPU.ActiveCfg = Debug|Any CPU
		{7F04A114-25F4-496C-8BB6-95177EDB118D}.Release|Any CPU.ActiveCfg = Release|Any CPU
	EndGlobalSection
	GlobalSection(SolutionProperties) = preSolution
		HideSolutionNode = FALSE
	EndGlobalSection
	GlobalSection(ExtensibilityGlobals) = postSolution
		SolutionGuid = {52097466-24AC-40A6-827A-C400E07B052B}
	EndGlobalSection
EndGlobal
